// !$*UTF8*$!
{
	archiveVersion = 1;
	classes = {
	};
	objectVersion = 50;
	objects = {

/* Begin PBXBuildFile section */
		1417EFE322CEFBD3000AC8B2 /* WeekdayCollectionViewCell.swift in Sources */ = {isa = PBXBuildFile; fileRef = 1417EFE222CEFBD3000AC8B2 /* WeekdayCollectionViewCell.swift */; };
		1434B8EE22C6EB1B00506C44 /* ClientDetailTableViewController.swift in Sources */ = {isa = PBXBuildFile; fileRef = 1434B8ED22C6EB1B00506C44 /* ClientDetailTableViewController.swift */; };
		1458710922CA8F3300AF15DA /* ClientDetailAppointmentsTableViewController.swift in Sources */ = {isa = PBXBuildFile; fileRef = 1458710822CA8F3300AF15DA /* ClientDetailAppointmentsTableViewController.swift */; };
		148A845F22BDC0DE005518FB /* CreateNewClientViewController.swift in Sources */ = {isa = PBXBuildFile; fileRef = 148A845E22BDC0DE005518FB /* CreateNewClientViewController.swift */; };
		14947E8622CD5FDF00DFE3CB /* SettingsTableViewController.swift in Sources */ = {isa = PBXBuildFile; fileRef = 14947E8522CD5FDF00DFE3CB /* SettingsTableViewController.swift */; };
		1499B0DB22C54CC900CFF561 /* NewAppointmentInviteesTableViewController.swift in Sources */ = {isa = PBXBuildFile; fileRef = 1499B0DA22C54CC900CFF561 /* NewAppointmentInviteesTableViewController.swift */; };
		14BED26322C00EB5008DC909 /* DataModel.xcdatamodeld in Sources */ = {isa = PBXBuildFile; fileRef = 14BED26122C00EB5008DC909 /* DataModel.xcdatamodeld */; };
		14BED27622C01388008DC909 /* AddressMO+CoreDataClass.swift in Sources */ = {isa = PBXBuildFile; fileRef = 14BED27022C01388008DC909 /* AddressMO+CoreDataClass.swift */; };
		14BED27722C01388008DC909 /* AddressMO+CoreDataProperties.swift in Sources */ = {isa = PBXBuildFile; fileRef = 14BED27122C01388008DC909 /* AddressMO+CoreDataProperties.swift */; };
		14BED27822C01388008DC909 /* ClientMO+CoreDataClass.swift in Sources */ = {isa = PBXBuildFile; fileRef = 14BED27222C01388008DC909 /* ClientMO+CoreDataClass.swift */; };
		14BED27922C01388008DC909 /* ClientMO+CoreDataProperties.swift in Sources */ = {isa = PBXBuildFile; fileRef = 14BED27322C01388008DC909 /* ClientMO+CoreDataProperties.swift */; };
		14BED27A22C01388008DC909 /* AppointmentMO+CoreDataClass.swift in Sources */ = {isa = PBXBuildFile; fileRef = 14BED27422C01388008DC909 /* AppointmentMO+CoreDataClass.swift */; };
		14BED27B22C01388008DC909 /* AppointmentMO+CoreDataProperties.swift in Sources */ = {isa = PBXBuildFile; fileRef = 14BED27522C01388008DC909 /* AppointmentMO+CoreDataProperties.swift */; };
		14C0CA7722B0F8D60022D28A /* AppDelegate.swift in Sources */ = {isa = PBXBuildFile; fileRef = 14C0CA7622B0F8D60022D28A /* AppDelegate.swift */; };
		14C0CA7B22B0F8D60022D28A /* ClientsListTableViewController.swift in Sources */ = {isa = PBXBuildFile; fileRef = 14C0CA7A22B0F8D60022D28A /* ClientsListTableViewController.swift */; };
		14C0CA7E22B0F8D60022D28A /* Main.storyboard in Resources */ = {isa = PBXBuildFile; fileRef = 14C0CA7C22B0F8D60022D28A /* Main.storyboard */; };
		14C0CA8022B0F8D70022D28A /* Assets.xcassets in Resources */ = {isa = PBXBuildFile; fileRef = 14C0CA7F22B0F8D70022D28A /* Assets.xcassets */; };
		14C0CA8322B0F8D70022D28A /* LaunchScreen.storyboard in Resources */ = {isa = PBXBuildFile; fileRef = 14C0CA8122B0F8D70022D28A /* LaunchScreen.storyboard */; };
		14C97CB722B451580062CD6C /* DataController.swift in Sources */ = {isa = PBXBuildFile; fileRef = 14C97CB622B451580062CD6C /* DataController.swift */; };
		14DDF98622CBFE2000A90E3F /* CalendarCollectionViewController.swift in Sources */ = {isa = PBXBuildFile; fileRef = 14DDF98522CBFE2000A90E3F /* CalendarCollectionViewController.swift */; };
		14DDF98C22CC6A2100A90E3F /* CalendarViewController.swift in Sources */ = {isa = PBXBuildFile; fileRef = 14DDF98B22CC6A2100A90E3F /* CalendarViewController.swift */; };
		14F81DA522C1A24B00FDF494 /* AppointmenCreationtTableViewController.swift in Sources */ = {isa = PBXBuildFile; fileRef = 14F81DA422C1A24B00FDF494 /* AppointmenCreationtTableViewController.swift */; };
/* End PBXBuildFile section */

/* Begin PBXFileReference section */
		1417EFE222CEFBD3000AC8B2 /* WeekdayCollectionViewCell.swift */ = {isa = PBXFileReference; lastKnownFileType = sourcecode.swift; path = WeekdayCollectionViewCell.swift; sourceTree = "<group>"; };
		1434B8ED22C6EB1B00506C44 /* ClientDetailTableViewController.swift */ = {isa = PBXFileReference; lastKnownFileType = sourcecode.swift; path = ClientDetailTableViewController.swift; sourceTree = "<group>"; };
		1458710822CA8F3300AF15DA /* ClientDetailAppointmentsTableViewController.swift */ = {isa = PBXFileReference; lastKnownFileType = sourcecode.swift; path = ClientDetailAppointmentsTableViewController.swift; sourceTree = "<group>"; };
		148A845E22BDC0DE005518FB /* CreateNewClientViewController.swift */ = {isa = PBXFileReference; lastKnownFileType = sourcecode.swift; path = CreateNewClientViewController.swift; sourceTree = "<group>"; };
		14947E8522CD5FDF00DFE3CB /* SettingsTableViewController.swift */ = {isa = PBXFileReference; lastKnownFileType = sourcecode.swift; path = SettingsTableViewController.swift; sourceTree = "<group>"; };
		1499B0DA22C54CC900CFF561 /* NewAppointmentInviteesTableViewController.swift */ = {isa = PBXFileReference; lastKnownFileType = sourcecode.swift; path = NewAppointmentInviteesTableViewController.swift; sourceTree = "<group>"; };
		14BED26222C00EB5008DC909 /* DataModel.xcdatamodel */ = {isa = PBXFileReference; lastKnownFileType = wrapper.xcdatamodel; path = DataModel.xcdatamodel; sourceTree = "<group>"; };
		14BED27022C01388008DC909 /* AddressMO+CoreDataClass.swift */ = {isa = PBXFileReference; lastKnownFileType = sourcecode.swift; path = "AddressMO+CoreDataClass.swift"; sourceTree = "<group>"; };
		14BED27122C01388008DC909 /* AddressMO+CoreDataProperties.swift */ = {isa = PBXFileReference; lastKnownFileType = sourcecode.swift; path = "AddressMO+CoreDataProperties.swift"; sourceTree = "<group>"; };
		14BED27222C01388008DC909 /* ClientMO+CoreDataClass.swift */ = {isa = PBXFileReference; lastKnownFileType = sourcecode.swift; path = "ClientMO+CoreDataClass.swift"; sourceTree = "<group>"; };
		14BED27322C01388008DC909 /* ClientMO+CoreDataProperties.swift */ = {isa = PBXFileReference; lastKnownFileType = sourcecode.swift; path = "ClientMO+CoreDataProperties.swift"; sourceTree = "<group>"; };
		14BED27422C01388008DC909 /* AppointmentMO+CoreDataClass.swift */ = {isa = PBXFileReference; lastKnownFileType = sourcecode.swift; path = "AppointmentMO+CoreDataClass.swift"; sourceTree = "<group>"; };
		14BED27522C01388008DC909 /* AppointmentMO+CoreDataProperties.swift */ = {isa = PBXFileReference; lastKnownFileType = sourcecode.swift; path = "AppointmentMO+CoreDataProperties.swift"; sourceTree = "<group>"; };
		14C0CA7322B0F8D60022D28A /* Accounter.app */ = {isa = PBXFileReference; explicitFileType = wrapper.application; includeInIndex = 0; path = Accounter.app; sourceTree = BUILT_PRODUCTS_DIR; };
		14C0CA7622B0F8D60022D28A /* AppDelegate.swift */ = {isa = PBXFileReference; lastKnownFileType = sourcecode.swift; path = AppDelegate.swift; sourceTree = "<group>"; };
		14C0CA7A22B0F8D60022D28A /* ClientsListTableViewController.swift */ = {isa = PBXFileReference; lastKnownFileType = sourcecode.swift; path = ClientsListTableViewController.swift; sourceTree = "<group>"; };
		14C0CA7D22B0F8D60022D28A /* Base */ = {isa = PBXFileReference; lastKnownFileType = file.storyboard; name = Base; path = Base.lproj/Main.storyboard; sourceTree = "<group>"; };
		14C0CA7F22B0F8D70022D28A /* Assets.xcassets */ = {isa = PBXFileReference; lastKnownFileType = folder.assetcatalog; path = Assets.xcassets; sourceTree = "<group>"; };
		14C0CA8222B0F8D70022D28A /* Base */ = {isa = PBXFileReference; lastKnownFileType = file.storyboard; name = Base; path = Base.lproj/LaunchScreen.storyboard; sourceTree = "<group>"; };
		14C0CA8422B0F8D70022D28A /* Info.plist */ = {isa = PBXFileReference; lastKnownFileType = text.plist.xml; path = Info.plist; sourceTree = "<group>"; };
		14C97CB622B451580062CD6C /* DataController.swift */ = {isa = PBXFileReference; lastKnownFileType = sourcecode.swift; path = DataController.swift; sourceTree = "<group>"; };
		14DDF98522CBFE2000A90E3F /* CalendarCollectionViewController.swift */ = {isa = PBXFileReference; lastKnownFileType = sourcecode.swift; path = CalendarCollectionViewController.swift; sourceTree = "<group>"; };
		14DDF98B22CC6A2100A90E3F /* CalendarViewController.swift */ = {isa = PBXFileReference; lastKnownFileType = sourcecode.swift; path = CalendarViewController.swift; sourceTree = "<group>"; };
		14F81DA422C1A24B00FDF494 /* AppointmenCreationtTableViewController.swift */ = {isa = PBXFileReference; lastKnownFileType = sourcecode.swift; path = AppointmenCreationtTableViewController.swift; sourceTree = "<group>"; };
/* End PBXFileReference section */

/* Begin PBXFrameworksBuildPhase section */
		14C0CA7022B0F8D60022D28A /* Frameworks */ = {
			isa = PBXFrameworksBuildPhase;
			buildActionMask = 2147483647;
			files = (
			);
			runOnlyForDeploymentPostprocessing = 0;
		};
/* End PBXFrameworksBuildPhase section */

/* Begin PBXGroup section */
		14C0CA6A22B0F8D60022D28A = {
			isa = PBXGroup;
			children = (
				14C0CA7522B0F8D60022D28A /* Accounter */,
				14C0CA7422B0F8D60022D28A /* Products */,
			);
			sourceTree = "<group>";
		};
		14C0CA7422B0F8D60022D28A /* Products */ = {
			isa = PBXGroup;
			children = (
				14C0CA7322B0F8D60022D28A /* Accounter.app */,
			);
			name = Products;
			sourceTree = "<group>";
		};
		14C0CA7522B0F8D60022D28A /* Accounter */ = {
			isa = PBXGroup;
			children = (
				14C0CA8422B0F8D70022D28A /* Info.plist */,
				14BED27022C01388008DC909 /* AddressMO+CoreDataClass.swift */,
				14BED27122C01388008DC909 /* AddressMO+CoreDataProperties.swift */,
				14C0CA7622B0F8D60022D28A /* AppDelegate.swift */,
				14F81DA422C1A24B00FDF494 /* AppointmenCreationtTableViewController.swift */,
				14BED27422C01388008DC909 /* AppointmentMO+CoreDataClass.swift */,
				14BED27522C01388008DC909 /* AppointmentMO+CoreDataProperties.swift */,
				14DDF98522CBFE2000A90E3F /* CalendarCollectionViewController.swift */,
				14DDF98B22CC6A2100A90E3F /* CalendarViewController.swift */,
				1458710822CA8F3300AF15DA /* ClientDetailAppointmentsTableViewController.swift */,
				1434B8ED22C6EB1B00506C44 /* ClientDetailTableViewController.swift */,
				14BED27222C01388008DC909 /* ClientMO+CoreDataClass.swift */,
				14BED27322C01388008DC909 /* ClientMO+CoreDataProperties.swift */,
				14C0CA7A22B0F8D60022D28A /* ClientsListTableViewController.swift */,
				148A845E22BDC0DE005518FB /* CreateNewClientViewController.swift */,
				14C97CB622B451580062CD6C /* DataController.swift */,
				1499B0DA22C54CC900CFF561 /* NewAppointmentInviteesTableViewController.swift */,
				14947E8522CD5FDF00DFE3CB /* SettingsTableViewController.swift */,
				1417EFE222CEFBD3000AC8B2 /* WeekdayCollectionViewCell.swift */,
				14C0CA7F22B0F8D70022D28A /* Assets.xcassets */,
				14BED26122C00EB5008DC909 /* DataModel.xcdatamodeld */,
				14C0CA8122B0F8D70022D28A /* LaunchScreen.storyboard */,
				14C0CA7C22B0F8D60022D28A /* Main.storyboard */,
			);
			path = Accounter;
			sourceTree = "<group>";
		};
/* End PBXGroup section */

/* Begin PBXNativeTarget section */
		14C0CA7222B0F8D60022D28A /* Accounter */ = {
			isa = PBXNativeTarget;
			buildConfigurationList = 14C0CA8722B0F8D70022D28A /* Build configuration list for PBXNativeTarget "Accounter" */;
			buildPhases = (
				14C0CA6F22B0F8D60022D28A /* Sources */,
				14C0CA7022B0F8D60022D28A /* Frameworks */,
				14C0CA7122B0F8D60022D28A /* Resources */,
			);
			buildRules = (
			);
			dependencies = (
			);
			name = Accounter;
			productName = Accounts;
			productReference = 14C0CA7322B0F8D60022D28A /* Accounter.app */;
			productType = "com.apple.product-type.application";
		};
/* End PBXNativeTarget section */

/* Begin PBXProject section */
		14C0CA6B22B0F8D60022D28A /* Project object */ = {
			isa = PBXProject;
			attributes = {
				LastSwiftUpdateCheck = 1020;
				LastUpgradeCheck = 1020;
				ORGANIZATIONNAME = Oxygen;
				TargetAttributes = {
					14C0CA7222B0F8D60022D28A = {
						CreatedOnToolsVersion = 10.2.1;
					};
				};
			};
			buildConfigurationList = 14C0CA6E22B0F8D60022D28A /* Build configuration list for PBXProject "Accounter" */;
			compatibilityVersion = "Xcode 9.3";
			developmentRegion = en;
			hasScannedForEncodings = 0;
			knownRegions = (
				en,
				Base,
			);
			mainGroup = 14C0CA6A22B0F8D60022D28A;
			productRefGroup = 14C0CA7422B0F8D60022D28A /* Products */;
			projectDirPath = "";
			projectRoot = "";
			targets = (
				14C0CA7222B0F8D60022D28A /* Accounter */,
			);
		};
/* End PBXProject section */

/* Begin PBXResourcesBuildPhase section */
		14C0CA7122B0F8D60022D28A /* Resources */ = {
			isa = PBXResourcesBuildPhase;
			buildActionMask = 2147483647;
			files = (
				14C0CA8322B0F8D70022D28A /* LaunchScreen.storyboard in Resources */,
				14C0CA8022B0F8D70022D28A /* Assets.xcassets in Resources */,
				14C0CA7E22B0F8D60022D28A /* Main.storyboard in Resources */,
			);
			runOnlyForDeploymentPostprocessing = 0;
		};
/* End PBXResourcesBuildPhase section */

/* Begin PBXSourcesBuildPhase section */
		14C0CA6F22B0F8D60022D28A /* Sources */ = {
			isa = PBXSourcesBuildPhase;
			buildActionMask = 2147483647;
			files = (
				14C0CA7B22B0F8D60022D28A /* ClientsListTableViewController.swift in Sources */,
				1499B0DB22C54CC900CFF561 /* NewAppointmentInviteesTableViewController.swift in Sources */,
				14C0CA7722B0F8D60022D28A /* AppDelegate.swift in Sources */,
				14BED27922C01388008DC909 /* ClientMO+CoreDataProperties.swift in Sources */,
				14BED27722C01388008DC909 /* AddressMO+CoreDataProperties.swift in Sources */,
				14DDF98C22CC6A2100A90E3F /* CalendarViewController.swift in Sources */,
				1417EFE322CEFBD3000AC8B2 /* WeekdayCollectionViewCell.swift in Sources */,
				14BED27A22C01388008DC909 /* AppointmentMO+CoreDataClass.swift in Sources */,
				14DDF98622CBFE2000A90E3F /* CalendarCollectionViewController.swift in Sources */,
				14C97CB722B451580062CD6C /* DataController.swift in Sources */,
				1458710922CA8F3300AF15DA /* ClientDetailAppointmentsTableViewController.swift in Sources */,
				1434B8EE22C6EB1B00506C44 /* ClientDetailTableViewController.swift in Sources */,
				14F81DA522C1A24B00FDF494 /* AppointmenCreationtTableViewController.swift in Sources */,
				14BED26322C00EB5008DC909 /* DataModel.xcdatamodeld in Sources */,
				14BED27B22C01388008DC909 /* AppointmentMO+CoreDataProperties.swift in Sources */,
				148A845F22BDC0DE005518FB /* CreateNewClientViewController.swift in Sources */,
				14947E8622CD5FDF00DFE3CB /* SettingsTableViewController.swift in Sources */,
				14BED27622C01388008DC909 /* AddressMO+CoreDataClass.swift in Sources */,
				14BED27822C01388008DC909 /* ClientMO+CoreDataClass.swift in Sources */,
			);
			runOnlyForDeploymentPostprocessing = 0;
		};
/* End PBXSourcesBuildPhase section */

/* Begin PBXVariantGroup section */
		14C0CA7C22B0F8D60022D28A /* Main.storyboard */ = {
			isa = PBXVariantGroup;
			children = (
				14C0CA7D22B0F8D60022D28A /* Base */,
			);
			name = Main.storyboard;
			sourceTree = "<group>";
		};
		14C0CA8122B0F8D70022D28A /* LaunchScreen.storyboard */ = {
			isa = PBXVariantGroup;
			children = (
				14C0CA8222B0F8D70022D28A /* Base */,
			);
			name = LaunchScreen.storyboard;
			sourceTree = "<group>";
		};
/* End PBXVariantGroup section */

/* Begin XCBuildConfiguration section */
		14C0CA8522B0F8D70022D28A /* Debug */ = {
			isa = XCBuildConfiguration;
			buildSettings = {
				ALWAYS_SEARCH_USER_PATHS = NO;
				CLANG_ANALYZER_NONNULL = YES;
				CLANG_ANALYZER_NUMBER_OBJECT_CONVERSION = YES_AGGRESSIVE;
				CLANG_CXX_LANGUAGE_STANDARD = "gnu++14";
				CLANG_CXX_LIBRARY = "libc++";
				CLANG_ENABLE_MODULES = YES;
				CLANG_ENABLE_OBJC_ARC = YES;
				CLANG_ENABLE_OBJC_WEAK = YES;
				CLANG_WARN_BLOCK_CAPTURE_AUTORELEASING = YES;
				CLANG_WARN_BOOL_CONVERSION = YES;
				CLANG_WARN_COMMA = YES;
				CLANG_WARN_CONSTANT_CONVERSION = YES;
				CLANG_WARN_DEPRECATED_OBJC_IMPLEMENTATIONS = YES;
				CLANG_WARN_DIRECT_OBJC_ISA_USAGE = YES_ERROR;
				CLANG_WARN_DOCUMENTATION_COMMENTS = YES;
				CLANG_WARN_EMPTY_BODY = YES;
				CLANG_WARN_ENUM_CONVERSION = YES;
				CLANG_WARN_INFINITE_RECURSION = YES;
				CLANG_WARN_INT_CONVERSION = YES;
				CLANG_WARN_NON_LITERAL_NULL_CONVERSION = YES;
				CLANG_WARN_OBJC_IMPLICIT_RETAIN_SELF = YES;
				CLANG_WARN_OBJC_LITERAL_CONVERSION = YES;
				CLANG_WARN_OBJC_ROOT_CLASS = YES_ERROR;
				CLANG_WARN_RANGE_LOOP_ANALYSIS = YES;
				CLANG_WARN_STRICT_PROTOTYPES = YES;
				CLANG_WARN_SUSPICIOUS_MOVE = YES;
				CLANG_WARN_UNGUARDED_AVAILABILITY = YES_AGGRESSIVE;
				CLANG_WARN_UNREACHABLE_CODE = YES;
				CLANG_WARN__DUPLICATE_METHOD_MATCH = YES;
				CODE_SIGN_IDENTITY = "iPhone Developer";
				COPY_PHASE_STRIP = NO;
				DEBUG_INFORMATION_FORMAT = dwarf;
				ENABLE_STRICT_OBJC_MSGSEND = YES;
				ENABLE_TESTABILITY = YES;
				GCC_C_LANGUAGE_STANDARD = gnu11;
				GCC_DYNAMIC_NO_PIC = NO;
				GCC_NO_COMMON_BLOCKS = YES;
				GCC_OPTIMIZATION_LEVEL = 0;
				GCC_PREPROCESSOR_DEFINITIONS = (
					"DEBUG=1",
					"$(inherited)",
				);
				GCC_WARN_64_TO_32_BIT_CONVERSION = YES;
				GCC_WARN_ABOUT_RETURN_TYPE = YES_ERROR;
				GCC_WARN_UNDECLARED_SELECTOR = YES;
				GCC_WARN_UNINITIALIZED_AUTOS = YES_AGGRESSIVE;
				GCC_WARN_UNUSED_FUNCTION = YES;
				GCC_WARN_UNUSED_VARIABLE = YES;
				IPHONEOS_DEPLOYMENT_TARGET = 12.2;
				MTL_ENABLE_DEBUG_INFO = INCLUDE_SOURCE;
				MTL_FAST_MATH = YES;
				ONLY_ACTIVE_ARCH = YES;
				SDKROOT = iphoneos;
				SWIFT_ACTIVE_COMPILATION_CONDITIONS = DEBUG;
				SWIFT_OPTIMIZATION_LEVEL = "-Onone";
			};
			name = Debug;
		};
		14C0CA8622B0F8D70022D28A /* Release */ = {
			isa = XCBuildConfiguration;
			buildSettings = {
				ALWAYS_SEARCH_USER_PATHS = NO;
				CLANG_ANALYZER_NONNULL = YES;
				CLANG_ANALYZER_NUMBER_OBJECT_CONVERSION = YES_AGGRESSIVE;
				CLANG_CXX_LANGUAGE_STANDARD = "gnu++14";
				CLANG_CXX_LIBRARY = "libc++";
				CLANG_ENABLE_MODULES = YES;
				CLANG_ENABLE_OBJC_ARC = YES;
				CLANG_ENABLE_OBJC_WEAK = YES;
				CLANG_WARN_BLOCK_CAPTURE_AUTORELEASING = YES;
				CLANG_WARN_BOOL_CONVERSION = YES;
				CLANG_WARN_COMMA = YES;
				CLANG_WARN_CONSTANT_CONVERSION = YES;
				CLANG_WARN_DEPRECATED_OBJC_IMPLEMENTATIONS = YES;
				CLANG_WARN_DIRECT_OBJC_ISA_USAGE = YES_ERROR;
				CLANG_WARN_DOCUMENTATION_COMMENTS = YES;
				CLANG_WARN_EMPTY_BODY = YES;
				CLANG_WARN_ENUM_CONVERSION = YES;
				CLANG_WARN_INFINITE_RECURSION = YES;
				CLANG_WARN_INT_CONVERSION = YES;
				CLANG_WARN_NON_LITERAL_NULL_CONVERSION = YES;
				CLANG_WARN_OBJC_IMPLICIT_RETAIN_SELF = YES;
				CLANG_WARN_OBJC_LITERAL_CONVERSION = YES;
				CLANG_WARN_OBJC_ROOT_CLASS = YES_ERROR;
				CLANG_WARN_RANGE_LOOP_ANALYSIS = YES;
				CLANG_WARN_STRICT_PROTOTYPES = YES;
				CLANG_WARN_SUSPICIOUS_MOVE = YES;
				CLANG_WARN_UNGUARDED_AVAILABILITY = YES_AGGRESSIVE;
				CLANG_WARN_UNREACHABLE_CODE = YES;
				CLANG_WARN__DUPLICATE_METHOD_MATCH = YES;
				CODE_SIGN_IDENTITY = "iPhone Developer";
				COPY_PHASE_STRIP = NO;
				DEBUG_INFORMATION_FORMAT = "dwarf-with-dsym";
				ENABLE_NS_ASSERTIONS = NO;
				ENABLE_STRICT_OBJC_MSGSEND = YES;
				GCC_C_LANGUAGE_STANDARD = gnu11;
				GCC_NO_COMMON_BLOCKS = YES;
				GCC_WARN_64_TO_32_BIT_CONVERSION = YES;
				GCC_WARN_ABOUT_RETURN_TYPE = YES_ERROR;
				GCC_WARN_UNDECLARED_SELECTOR = YES;
				GCC_WARN_UNINITIALIZED_AUTOS = YES_AGGRESSIVE;
				GCC_WARN_UNUSED_FUNCTION = YES;
				GCC_WARN_UNUSED_VARIABLE = YES;
				IPHONEOS_DEPLOYMENT_TARGET = 12.2;
				MTL_ENABLE_DEBUG_INFO = NO;
				MTL_FAST_MATH = YES;
				SDKROOT = iphoneos;
				SWIFT_COMPILATION_MODE = wholemodule;
				SWIFT_OPTIMIZATION_LEVEL = "-O";
				VALIDATE_PRODUCT = YES;
			};
			name = Release;
		};
		14C0CA8822B0F8D70022D28A /* Debug */ = {
			isa = XCBuildConfiguration;
			buildSettings = {
				ASSETCATALOG_COMPILER_APPICON_NAME = AppIcon;
				CODE_SIGN_STYLE = Automatic;
				DEVELOPMENT_TEAM = MB59FVVXCR;
				INFOPLIST_FILE = Accounter/Info.plist;
				LD_RUNPATH_SEARCH_PATHS = (
					"$(inherited)",
					"@executable_path/Frameworks",
				);
				PRODUCT_BUNDLE_IDENTIFIER = O.Accounter;
				PRODUCT_NAME = Accounter;
				SWIFT_VERSION = 5.0;
				TARGETED_DEVICE_FAMILY = 2;
			};
			name = Debug;
		};
		14C0CA8922B0F8D70022D28A /* Release */ = {
			isa = XCBuildConfiguration;
			buildSettings = {
				ASSETCATALOG_COMPILER_APPICON_NAME = AppIcon;
				CODE_SIGN_STYLE = Automatic;
				DEVELOPMENT_TEAM = MB59FVVXCR;
				INFOPLIST_FILE = Accounter/Info.plist;
				LD_RUNPATH_SEARCH_PATHS = (
					"$(inherited)",
					"@executable_path/Frameworks",
				);
				PRODUCT_BUNDLE_IDENTIFIER = O.Accounter;
				PRODUCT_NAME = Accounter;
				SWIFT_VERSION = 5.0;
				TARGETED_DEVICE_FAMILY = 2;
			};
			name = Release;
		};
/* End XCBuildConfiguration section */

/* Begin XCConfigurationList section */
		14C0CA6E22B0F8D60022D28A /* Build configuration list for PBXProject "Accounter" */ = {
			isa = XCConfigurationList;
			buildConfigurations = (
				14C0CA8522B0F8D70022D28A /* Debug */,
				14C0CA8622B0F8D70022D28A /* Release */,
			);
			defaultConfigurationIsVisible = 0;
			defaultConfigurationName = Release;
		};
		14C0CA8722B0F8D70022D28A /* Build configuration list for PBXNativeTarget "Accounter" */ = {
			isa = XCConfigurationList;
			buildConfigurations = (
				14C0CA8822B0F8D70022D28A /* Debug */,
				14C0CA8922B0F8D70022D28A /* Release */,
			);
			defaultConfigurationIsVisible = 0;
			defaultConfigurationName = Release;
		};
/* End XCConfigurationList section */

/* Begin XCVersionGroup section */
		14BED26122C00EB5008DC909 /* DataModel.xcdatamodeld */ = {
			isa = XCVersionGroup;
			children = (
				14BED26222C00EB5008DC909 /* DataModel.xcdatamodel */,
			);
			currentVersion = 14BED26222C00EB5008DC909 /* DataModel.xcdatamodel */;
			name = DataModel.xcdatamodeld;
			path = ../DataModel.xcdatamodeld;
			sourceTree = "<group>";
			versionGroupType = wrapper.xcdatamodel;
		};
/* End XCVersionGroup section */
	};
	rootObject = 14C0CA6B22B0F8D60022D28A /* Project object */;
}
